// !$*UTF8*$!
{
	archiveVersion = 1;
	classes = {
	};
	objectVersion = 48;
	objects = {

/* Begin PBXBuildFile section */
		040775B1C8B5222ED6DA0236 /* libPods-WLDemoTest.a in Frameworks */ = {isa = PBXBuildFile; fileRef = A78EB5156F3CF0A822DBCE83 /* libPods-WLDemoTest.a */; };
		81BE0567205E920E00DD7BFD /* CustomNavCtrl.m in Sources */ = {isa = PBXBuildFile; fileRef = 81BE0561205E920E00DD7BFD /* CustomNavCtrl.m */; };
		81BE0568205E920E00DD7BFD /* WLPublicVC.m in Sources */ = {isa = PBXBuildFile; fileRef = 81BE0564205E920E00DD7BFD /* WLPublicVC.m */; };
		81BE0569205E920E00DD7BFD /* CustomTabbar.m in Sources */ = {isa = PBXBuildFile; fileRef = 81BE0565205E920E00DD7BFD /* CustomTabbar.m */; };
		81BE05E8205E929500DD7BFD /* HomeViewController.m in Sources */ = {isa = PBXBuildFile; fileRef = 81BE05E1205E929500DD7BFD /* HomeViewController.m */; };
		81BE05E9205E929500DD7BFD /* SecondVC.m in Sources */ = {isa = PBXBuildFile; fileRef = 81BE05E4205E929500DD7BFD /* SecondVC.m */; };
		81BE05EA205E929500DD7BFD /* SecondVC.xib in Resources */ = {isa = PBXBuildFile; fileRef = 81BE05E5205E929500DD7BFD /* SecondVC.xib */; };
		81BE05EB205E929500DD7BFD /* HomeViewController.xib in Resources */ = {isa = PBXBuildFile; fileRef = 81BE05E6205E929500DD7BFD /* HomeViewController.xib */; };
		81BE05F0205E92EB00DD7BFD /* LoginVC.m in Sources */ = {isa = PBXBuildFile; fileRef = 81BE05ED205E92EB00DD7BFD /* LoginVC.m */; };
		81BE05F1205E92EB00DD7BFD /* LoginVC.xib in Resources */ = {isa = PBXBuildFile; fileRef = 81BE05EF205E92EB00DD7BFD /* LoginVC.xib */; };
		81BE05F9205E92F100DD7BFD /* SafeManageVC.m in Sources */ = {isa = PBXBuildFile; fileRef = 81BE05F3205E92F100DD7BFD /* SafeManageVC.m */; };
		81BE05FA205E92F100DD7BFD /* PersonVC.m in Sources */ = {isa = PBXBuildFile; fileRef = 81BE05F4205E92F100DD7BFD /* PersonVC.m */; };
		81BE05FB205E92F100DD7BFD /* PersonVC.xib in Resources */ = {isa = PBXBuildFile; fileRef = 81BE05F6205E92F100DD7BFD /* PersonVC.xib */; };
		81BE05FC205E92F100DD7BFD /* SafeManageVC.xib in Resources */ = {isa = PBXBuildFile; fileRef = 81BE05F8205E92F100DD7BFD /* SafeManageVC.xib */; };
		81BE0601205E92F600DD7BFD /* MessageVC.xib in Resources */ = {isa = PBXBuildFile; fileRef = 81BE05FF205E92F600DD7BFD /* MessageVC.xib */; };
		81BE0602205E92F600DD7BFD /* MessageVC.m in Sources */ = {isa = PBXBuildFile; fileRef = 81BE0600205E92F600DD7BFD /* MessageVC.m */; };
		81BE0606205E937700DD7BFD /* ThirdVC.m in Sources */ = {isa = PBXBuildFile; fileRef = 81BE0605205E937700DD7BFD /* ThirdVC.m */; };
		81BE0609205E952D00DD7BFD /* User.m in Sources */ = {isa = PBXBuildFile; fileRef = 81BE0608205E952D00DD7BFD /* User.m */; };
		81BE060F205E9C6500DD7BFD /* CustomMethod.m in Sources */ = {isa = PBXBuildFile; fileRef = 81BE060D205E9C6500DD7BFD /* CustomMethod.m */; };
		81BE0691205E9E2200DD7BFD /* Configs.m in Sources */ = {isa = PBXBuildFile; fileRef = 81BE0683205E9E2200DD7BFD /* Configs.m */; };
		81BE0697205E9EE100DD7BFD /* MBProgressHUD.m in Sources */ = {isa = PBXBuildFile; fileRef = 81BE0693205E9EE100DD7BFD /* MBProgressHUD.m */; };
		81BE0698205E9EE100DD7BFD /* UIViewController+MBProgressHUD.m in Sources */ = {isa = PBXBuildFile; fileRef = 81BE0696205E9EE100DD7BFD /* UIViewController+MBProgressHUD.m */; };
		81BE06C4205E9EFF00DD7BFD /* NetworkRequest.m in Sources */ = {isa = PBXBuildFile; fileRef = 81BE06BE205E9EFF00DD7BFD /* NetworkRequest.m */; };
		81BE06C6205E9EFF00DD7BFD /* WLEngine.m in Sources */ = {isa = PBXBuildFile; fileRef = 81BE06C1205E9EFF00DD7BFD /* WLEngine.m */; };
		81BE0705205EA2B300DD7BFD /* NSLayoutConstraint+MASDebugAdditions.m in Sources */ = {isa = PBXBuildFile; fileRef = 81BE06ED205EA2B300DD7BFD /* NSLayoutConstraint+MASDebugAdditions.m */; };
		81BE0706205EA2B300DD7BFD /* ViewController+MASAdditions.m in Sources */ = {isa = PBXBuildFile; fileRef = 81BE06F6205EA2B300DD7BFD /* ViewController+MASAdditions.m */; };
		81BE0707205EA2B300DD7BFD /* MASCompositeConstraint.m in Sources */ = {isa = PBXBuildFile; fileRef = 81BE06FA205EA2B300DD7BFD /* MASCompositeConstraint.m */; };
		81BE0708205EA2B300DD7BFD /* MASConstraintMaker.m in Sources */ = {isa = PBXBuildFile; fileRef = 81BE06FB205EA2B300DD7BFD /* MASConstraintMaker.m */; };
		81BE0709205EA2B300DD7BFD /* MASLayoutConstraint.m in Sources */ = {isa = PBXBuildFile; fileRef = 81BE06FC205EA2B300DD7BFD /* MASLayoutConstraint.m */; };
		81BE070A205EA2B300DD7BFD /* NSArray+MASAdditions.m in Sources */ = {isa = PBXBuildFile; fileRef = 81BE06FD205EA2B300DD7BFD /* NSArray+MASAdditions.m */; };
		81BE070B205EA2B300DD7BFD /* View+MASAdditions.m in Sources */ = {isa = PBXBuildFile; fileRef = 81BE06FE205EA2B300DD7BFD /* View+MASAdditions.m */; };
		81BE070C205EA2B300DD7BFD /* MASConstraint.m in Sources */ = {isa = PBXBuildFile; fileRef = 81BE0701205EA2B300DD7BFD /* MASConstraint.m */; };
		81BE070D205EA2B300DD7BFD /* MASViewConstraint.m in Sources */ = {isa = PBXBuildFile; fileRef = 81BE0703205EA2B300DD7BFD /* MASViewConstraint.m */; };
		81BE070E205EA2B300DD7BFD /* MASViewAttribute.m in Sources */ = {isa = PBXBuildFile; fileRef = 81BE0704205EA2B300DD7BFD /* MASViewAttribute.m */; };
		81BE0712205EA96B00DD7BFD /* SecondeCell.m in Sources */ = {isa = PBXBuildFile; fileRef = 81BE0710205EA96B00DD7BFD /* SecondeCell.m */; };
		81BE0713205EA96B00DD7BFD /* SecondeCell.xib in Resources */ = {isa = PBXBuildFile; fileRef = 81BE0711205EA96B00DD7BFD /* SecondeCell.xib */; };
		81DB81E5205E8EB300C9E677 /* AppDelegate.m in Sources */ = {isa = PBXBuildFile; fileRef = 81DB81E4205E8EB300C9E677 /* AppDelegate.m */; };
		81DB81E8205E8EB300C9E677 /* ViewController.m in Sources */ = {isa = PBXBuildFile; fileRef = 81DB81E7205E8EB300C9E677 /* ViewController.m */; };
		81DB81EE205E8EB300C9E677 /* WLDemoTest.xcdatamodeld in Sources */ = {isa = PBXBuildFile; fileRef = 81DB81EC205E8EB300C9E677 /* WLDemoTest.xcdatamodeld */; };
		81DB81F0205E8EB300C9E677 /* Assets.xcassets in Resources */ = {isa = PBXBuildFile; fileRef = 81DB81EF205E8EB300C9E677 /* Assets.xcassets */; };
		81DB81F3205E8EB300C9E677 /* LaunchScreen.storyboard in Resources */ = {isa = PBXBuildFile; fileRef = 81DB81F1205E8EB300C9E677 /* LaunchScreen.storyboard */; };
		81DB81F6205E8EB300C9E677 /* main.m in Sources */ = {isa = PBXBuildFile; fileRef = 81DB81F5205E8EB300C9E677 /* main.m */; };
		81DB8200205E8EB400C9E677 /* WLDemoTestTests.m in Sources */ = {isa = PBXBuildFile; fileRef = 81DB81FF205E8EB400C9E677 /* WLDemoTestTests.m */; };
		81DB820B205E8EB400C9E677 /* WLDemoTestUITests.m in Sources */ = {isa = PBXBuildFile; fileRef = 81DB820A205E8EB400C9E677 /* WLDemoTestUITests.m */; };
/* End PBXBuildFile section */

/* Begin PBXContainerItemProxy section */
		81DB81FC205E8EB400C9E677 /* PBXContainerItemProxy */ = {
			isa = PBXContainerItemProxy;
			containerPortal = 81DB81D8205E8EB300C9E677 /* Project object */;
			proxyType = 1;
			remoteGlobalIDString = 81DB81DF205E8EB300C9E677;
			remoteInfo = WLDemoTest;
		};
		81DB8207205E8EB400C9E677 /* PBXContainerItemProxy */ = {
			isa = PBXContainerItemProxy;
			containerPortal = 81DB81D8205E8EB300C9E677 /* Project object */;
			proxyType = 1;
			remoteGlobalIDString = 81DB81DF205E8EB300C9E677;
			remoteInfo = WLDemoTest;
		};
/* End PBXContainerItemProxy section */

/* Begin PBXFileReference section */
		81BE055F205E906900DD7BFD /* WLDemo.pch */ = {isa = PBXFileReference; lastKnownFileType = sourcecode.c.h; path = WLDemo.pch; sourceTree = "<group>"; };
		81BE0561205E920E00DD7BFD /* CustomNavCtrl.m */ = {isa = PBXFileReference; fileEncoding = 4; lastKnownFileType = sourcecode.c.objc; path = CustomNavCtrl.m; sourceTree = "<group>"; };
		81BE0562205E920E00DD7BFD /* CustomTabbar.h */ = {isa = PBXFileReference; fileEncoding = 4; lastKnownFileType = sourcecode.c.h; path = CustomTabbar.h; sourceTree = "<group>"; };
		81BE0563205E920E00DD7BFD /* WLPublicVC.h */ = {isa = PBXFileReference; fileEncoding = 4; lastKnownFileType = sourcecode.c.h; path = WLPublicVC.h; sourceTree = "<group>"; };
		81BE0564205E920E00DD7BFD /* WLPublicVC.m */ = {isa = PBXFileReference; fileEncoding = 4; lastKnownFileType = sourcecode.c.objc; path = WLPublicVC.m; sourceTree = "<group>"; };
		81BE0565205E920E00DD7BFD /* CustomTabbar.m */ = {isa = PBXFileReference; fileEncoding = 4; lastKnownFileType = sourcecode.c.objc; path = CustomTabbar.m; sourceTree = "<group>"; };
		81BE0566205E920E00DD7BFD /* CustomNavCtrl.h */ = {isa = PBXFileReference; fileEncoding = 4; lastKnownFileType = sourcecode.c.h; path = CustomNavCtrl.h; sourceTree = "<group>"; };
		81BE05E1205E929500DD7BFD /* HomeViewController.m */ = {isa = PBXFileReference; fileEncoding = 4; lastKnownFileType = sourcecode.c.objc; path = HomeViewController.m; sourceTree = "<group>"; };
		81BE05E3205E929500DD7BFD /* SecondVC.h */ = {isa = PBXFileReference; fileEncoding = 4; lastKnownFileType = sourcecode.c.h; path = SecondVC.h; sourceTree = "<group>"; };
		81BE05E4205E929500DD7BFD /* SecondVC.m */ = {isa = PBXFileReference; fileEncoding = 4; lastKnownFileType = sourcecode.c.objc; path = SecondVC.m; sourceTree = "<group>"; };
		81BE05E5205E929500DD7BFD /* SecondVC.xib */ = {isa = PBXFileReference; fileEncoding = 4; lastKnownFileType = file.xib; path = SecondVC.xib; sourceTree = "<group>"; };
		81BE05E6205E929500DD7BFD /* HomeViewController.xib */ = {isa = PBXFileReference; fileEncoding = 4; lastKnownFileType = file.xib; path = HomeViewController.xib; sourceTree = "<group>"; };
		81BE05E7205E929500DD7BFD /* HomeViewController.h */ = {isa = PBXFileReference; fileEncoding = 4; lastKnownFileType = sourcecode.c.h; path = HomeViewController.h; sourceTree = "<group>"; };
		81BE05ED205E92EB00DD7BFD /* LoginVC.m */ = {isa = PBXFileReference; fileEncoding = 4; lastKnownFileType = sourcecode.c.objc; path = LoginVC.m; sourceTree = "<group>"; };
		81BE05EE205E92EB00DD7BFD /* LoginVC.h */ = {isa = PBXFileReference; fileEncoding = 4; lastKnownFileType = sourcecode.c.h; path = LoginVC.h; sourceTree = "<group>"; };
		81BE05EF205E92EB00DD7BFD /* LoginVC.xib */ = {isa = PBXFileReference; fileEncoding = 4; lastKnownFileType = file.xib; path = LoginVC.xib; sourceTree = "<group>"; };
		81BE05F3205E92F100DD7BFD /* SafeManageVC.m */ = {isa = PBXFileReference; fileEncoding = 4; lastKnownFileType = sourcecode.c.objc; path = SafeManageVC.m; sourceTree = "<group>"; };
		81BE05F4205E92F100DD7BFD /* PersonVC.m */ = {isa = PBXFileReference; fileEncoding = 4; lastKnownFileType = sourcecode.c.objc; path = PersonVC.m; sourceTree = "<group>"; };
		81BE05F5205E92F100DD7BFD /* SafeManageVC.h */ = {isa = PBXFileReference; fileEncoding = 4; lastKnownFileType = sourcecode.c.h; path = SafeManageVC.h; sourceTree = "<group>"; };
		81BE05F6205E92F100DD7BFD /* PersonVC.xib */ = {isa = PBXFileReference; fileEncoding = 4; lastKnownFileType = file.xib; path = PersonVC.xib; sourceTree = "<group>"; };
		81BE05F7205E92F100DD7BFD /* PersonVC.h */ = {isa = PBXFileReference; fileEncoding = 4; lastKnownFileType = sourcecode.c.h; path = PersonVC.h; sourceTree = "<group>"; };
		81BE05F8205E92F100DD7BFD /* SafeManageVC.xib */ = {isa = PBXFileReference; fileEncoding = 4; lastKnownFileType = file.xib; path = SafeManageVC.xib; sourceTree = "<group>"; };
		81BE05FE205E92F600DD7BFD /* MessageVC.h */ = {isa = PBXFileReference; fileEncoding = 4; lastKnownFileType = sourcecode.c.h; path = MessageVC.h; sourceTree = "<group>"; };
		81BE05FF205E92F600DD7BFD /* MessageVC.xib */ = {isa = PBXFileReference; fileEncoding = 4; lastKnownFileType = file.xib; path = MessageVC.xib; sourceTree = "<group>"; };
		81BE0600205E92F600DD7BFD /* MessageVC.m */ = {isa = PBXFileReference; fileEncoding = 4; lastKnownFileType = sourcecode.c.objc; path = MessageVC.m; sourceTree = "<group>"; };
		81BE0604205E937700DD7BFD /* ThirdVC.h */ = {isa = PBXFileReference; lastKnownFileType = sourcecode.c.h; path = ThirdVC.h; sourceTree = "<group>"; };
		81BE0605205E937700DD7BFD /* ThirdVC.m */ = {isa = PBXFileReference; lastKnownFileType = sourcecode.c.objc; path = ThirdVC.m; sourceTree = "<group>"; };
		81BE0607205E952900DD7BFD /* User.h */ = {isa = PBXFileReference; lastKnownFileType = sourcecode.c.h; path = User.h; sourceTree = "<group>"; };
		81BE0608205E952D00DD7BFD /* User.m */ = {isa = PBXFileReference; fileEncoding = 4; lastKnownFileType = sourcecode.c.objc; path = User.m; sourceTree = "<group>"; };
		81BE060D205E9C6500DD7BFD /* CustomMethod.m */ = {isa = PBXFileReference; fileEncoding = 4; lastKnownFileType = sourcecode.c.objc; path = CustomMethod.m; sourceTree = "<group>"; };
		81BE060E205E9C6500DD7BFD /* CustomMethod.h */ = {isa = PBXFileReference; fileEncoding = 4; lastKnownFileType = sourcecode.c.h; path = CustomMethod.h; sourceTree = "<group>"; };
		81BE0662205E9E2200DD7BFD /* Configs.h */ = {isa = PBXFileReference; fileEncoding = 4; lastKnownFileType = sourcecode.c.h; path = Configs.h; sourceTree = "<group>"; };
		81BE0683205E9E2200DD7BFD /* Configs.m */ = {isa = PBXFileReference; fileEncoding = 4; lastKnownFileType = sourcecode.c.objc; path = Configs.m; sourceTree = "<group>"; };
		81BE0693205E9EE100DD7BFD /* MBProgressHUD.m */ = {isa = PBXFileReference; fileEncoding = 4; lastKnownFileType = sourcecode.c.objc; path = MBProgressHUD.m; sourceTree = "<group>"; };
		81BE0694205E9EE100DD7BFD /* UIViewController+MBProgressHUD.h */ = {isa = PBXFileReference; fileEncoding = 4; lastKnownFileType = sourcecode.c.h; path = "UIViewController+MBProgressHUD.h"; sourceTree = "<group>"; };
		81BE0695205E9EE100DD7BFD /* MBProgressHUD.h */ = {isa = PBXFileReference; fileEncoding = 4; lastKnownFileType = sourcecode.c.h; path = MBProgressHUD.h; sourceTree = "<group>"; };
		81BE0696205E9EE100DD7BFD /* UIViewController+MBProgressHUD.m */ = {isa = PBXFileReference; fileEncoding = 4; lastKnownFileType = sourcecode.c.objc; path = "UIViewController+MBProgressHUD.m"; sourceTree = "<group>"; };
		81BE06BE205E9EFF00DD7BFD /* NetworkRequest.m */ = {isa = PBXFileReference; fileEncoding = 4; lastKnownFileType = sourcecode.c.objc; path = NetworkRequest.m; sourceTree = "<group>"; };
		81BE06C0205E9EFF00DD7BFD /* WLEngine.h */ = {isa = PBXFileReference; fileEncoding = 4; lastKnownFileType = sourcecode.c.h; path = WLEngine.h; sourceTree = "<group>"; };
		81BE06C1205E9EFF00DD7BFD /* WLEngine.m */ = {isa = PBXFileReference; fileEncoding = 4; lastKnownFileType = sourcecode.c.objc; path = WLEngine.m; sourceTree = "<group>"; };
		81BE06C2205E9EFF00DD7BFD /* NetworkRequest.h */ = {isa = PBXFileReference; fileEncoding = 4; lastKnownFileType = sourcecode.c.h; path = NetworkRequest.h; sourceTree = "<group>"; };
		81BE06EC205EA2B300DD7BFD /* MASCompositeConstraint.h */ = {isa = PBXFileReference; fileEncoding = 4; lastKnownFileType = sourcecode.c.h; path = MASCompositeConstraint.h; sourceTree = "<group>"; };
		81BE06ED205EA2B300DD7BFD /* NSLayoutConstraint+MASDebugAdditions.m */ = {isa = PBXFileReference; fileEncoding = 4; lastKnownFileType = sourcecode.c.objc; path = "NSLayoutConstraint+MASDebugAdditions.m"; sourceTree = "<group>"; };
		81BE06EE205EA2B300DD7BFD /* MASConstraint+Private.h */ = {isa = PBXFileReference; fileEncoding = 4; lastKnownFileType = sourcecode.c.h; path = "MASConstraint+Private.h"; sourceTree = "<group>"; };
		81BE06EF205EA2B300DD7BFD /* MASLayoutConstraint.h */ = {isa = PBXFileReference; fileEncoding = 4; lastKnownFileType = sourcecode.c.h; path = MASLayoutConstraint.h; sourceTree = "<group>"; };
		81BE06F0205EA2B300DD7BFD /* NSArray+MASShorthandAdditions.h */ = {isa = PBXFileReference; fileEncoding = 4; lastKnownFileType = sourcecode.c.h; path = "NSArray+MASShorthandAdditions.h"; sourceTree = "<group>"; };
		81BE06F1205EA2B300DD7BFD /* MASConstraintMaker.h */ = {isa = PBXFileReference; fileEncoding = 4; lastKnownFileType = sourcecode.c.h; path = MASConstraintMaker.h; sourceTree = "<group>"; };
		81BE06F2205EA2B300DD7BFD /* View+MASAdditions.h */ = {isa = PBXFileReference; fileEncoding = 4; lastKnownFileType = sourcecode.c.h; path = "View+MASAdditions.h"; sourceTree = "<group>"; };
		81BE06F3205EA2B300DD7BFD /* NSArray+MASAdditions.h */ = {isa = PBXFileReference; fileEncoding = 4; lastKnownFileType = sourcecode.c.h; path = "NSArray+MASAdditions.h"; sourceTree = "<group>"; };
		81BE06F4205EA2B300DD7BFD /* MASUtilities.h */ = {isa = PBXFileReference; fileEncoding = 4; lastKnownFileType = sourcecode.c.h; path = MASUtilities.h; sourceTree = "<group>"; };
		81BE06F5205EA2B300DD7BFD /* MASViewAttribute.h */ = {isa = PBXFileReference; fileEncoding = 4; lastKnownFileType = sourcecode.c.h; path = MASViewAttribute.h; sourceTree = "<group>"; };
		81BE06F6205EA2B300DD7BFD /* ViewController+MASAdditions.m */ = {isa = PBXFileReference; fileEncoding = 4; lastKnownFileType = sourcecode.c.objc; path = "ViewController+MASAdditions.m"; sourceTree = "<group>"; };
		81BE06F7205EA2B300DD7BFD /* MASViewConstraint.h */ = {isa = PBXFileReference; fileEncoding = 4; lastKnownFileType = sourcecode.c.h; path = MASViewConstraint.h; sourceTree = "<group>"; };
		81BE06F8205EA2B300DD7BFD /* MASConstraint.h */ = {isa = PBXFileReference; fileEncoding = 4; lastKnownFileType = sourcecode.c.h; path = MASConstraint.h; sourceTree = "<group>"; };
		81BE06F9205EA2B300DD7BFD /* NSLayoutConstraint+MASDebugAdditions.h */ = {isa = PBXFileReference; fileEncoding = 4; lastKnownFileType = sourcecode.c.h; path = "NSLayoutConstraint+MASDebugAdditions.h"; sourceTree = "<group>"; };
		81BE06FA205EA2B300DD7BFD /* MASCompositeConstraint.m */ = {isa = PBXFileReference; fileEncoding = 4; lastKnownFileType = sourcecode.c.objc; path = MASCompositeConstraint.m; sourceTree = "<group>"; };
		81BE06FB205EA2B300DD7BFD /* MASConstraintMaker.m */ = {isa = PBXFileReference; fileEncoding = 4; lastKnownFileType = sourcecode.c.objc; path = MASConstraintMaker.m; sourceTree = "<group>"; };
		81BE06FC205EA2B300DD7BFD /* MASLayoutConstraint.m */ = {isa = PBXFileReference; fileEncoding = 4; lastKnownFileType = sourcecode.c.objc; path = MASLayoutConstraint.m; sourceTree = "<group>"; };
		81BE06FD205EA2B300DD7BFD /* NSArray+MASAdditions.m */ = {isa = PBXFileReference; fileEncoding = 4; lastKnownFileType = sourcecode.c.objc; path = "NSArray+MASAdditions.m"; sourceTree = "<group>"; };
		81BE06FE205EA2B300DD7BFD /* View+MASAdditions.m */ = {isa = PBXFileReference; fileEncoding = 4; lastKnownFileType = sourcecode.c.objc; path = "View+MASAdditions.m"; sourceTree = "<group>"; };
		81BE06FF205EA2B300DD7BFD /* View+MASShorthandAdditions.h */ = {isa = PBXFileReference; fileEncoding = 4; lastKnownFileType = sourcecode.c.h; path = "View+MASShorthandAdditions.h"; sourceTree = "<group>"; };
		81BE0700205EA2B300DD7BFD /* Masonry.h */ = {isa = PBXFileReference; fileEncoding = 4; lastKnownFileType = sourcecode.c.h; path = Masonry.h; sourceTree = "<group>"; };
		81BE0701205EA2B300DD7BFD /* MASConstraint.m */ = {isa = PBXFileReference; fileEncoding = 4; lastKnownFileType = sourcecode.c.objc; path = MASConstraint.m; sourceTree = "<group>"; };
		81BE0702205EA2B300DD7BFD /* ViewController+MASAdditions.h */ = {isa = PBXFileReference; fileEncoding = 4; lastKnownFileType = sourcecode.c.h; path = "ViewController+MASAdditions.h"; sourceTree = "<group>"; };
		81BE0703205EA2B300DD7BFD /* MASViewConstraint.m */ = {isa = PBXFileReference; fileEncoding = 4; lastKnownFileType = sourcecode.c.objc; path = MASViewConstraint.m; sourceTree = "<group>"; };
		81BE0704205EA2B300DD7BFD /* MASViewAttribute.m */ = {isa = PBXFileReference; fileEncoding = 4; lastKnownFileType = sourcecode.c.objc; path = MASViewAttribute.m; sourceTree = "<group>"; };
		81BE070F205EA96B00DD7BFD /* SecondeCell.h */ = {isa = PBXFileReference; lastKnownFileType = sourcecode.c.h; path = SecondeCell.h; sourceTree = "<group>"; };
		81BE0710205EA96B00DD7BFD /* SecondeCell.m */ = {isa = PBXFileReference; lastKnownFileType = sourcecode.c.objc; path = SecondeCell.m; sourceTree = "<group>"; };
		81BE0711205EA96B00DD7BFD /* SecondeCell.xib */ = {isa = PBXFileReference; lastKnownFileType = file.xib; path = SecondeCell.xib; sourceTree = "<group>"; };
		81DB81E0205E8EB300C9E677 /* WLDemoTest.app */ = {isa = PBXFileReference; explicitFileType = wrapper.application; includeInIndex = 0; path = WLDemoTest.app; sourceTree = BUILT_PRODUCTS_DIR; };
		81DB81E3205E8EB300C9E677 /* AppDelegate.h */ = {isa = PBXFileReference; lastKnownFileType = sourcecode.c.h; path = AppDelegate.h; sourceTree = "<group>"; };
		81DB81E4205E8EB300C9E677 /* AppDelegate.m */ = {isa = PBXFileReference; lastKnownFileType = sourcecode.c.objc; path = AppDelegate.m; sourceTree = "<group>"; };
		81DB81E6205E8EB300C9E677 /* ViewController.h */ = {isa = PBXFileReference; lastKnownFileType = sourcecode.c.h; path = ViewController.h; sourceTree = "<group>"; };
		81DB81E7205E8EB300C9E677 /* ViewController.m */ = {isa = PBXFileReference; lastKnownFileType = sourcecode.c.objc; path = ViewController.m; sourceTree = "<group>"; };
		81DB81ED205E8EB300C9E677 /* WLDemoTest.xcdatamodel */ = {isa = PBXFileReference; lastKnownFileType = wrapper.xcdatamodel; path = WLDemoTest.xcdatamodel; sourceTree = "<group>"; };
		81DB81EF205E8EB300C9E677 /* Assets.xcassets */ = {isa = PBXFileReference; lastKnownFileType = folder.assetcatalog; path = Assets.xcassets; sourceTree = "<group>"; };
		81DB81F2205E8EB300C9E677 /* Base */ = {isa = PBXFileReference; lastKnownFileType = file.storyboard; name = Base; path = Base.lproj/LaunchScreen.storyboard; sourceTree = "<group>"; };
		81DB81F4205E8EB300C9E677 /* Info.plist */ = {isa = PBXFileReference; lastKnownFileType = text.plist.xml; path = Info.plist; sourceTree = "<group>"; };
		81DB81F5205E8EB300C9E677 /* main.m */ = {isa = PBXFileReference; lastKnownFileType = sourcecode.c.objc; path = main.m; sourceTree = "<group>"; };
		81DB81FB205E8EB400C9E677 /* WLDemoTestTests.xctest */ = {isa = PBXFileReference; explicitFileType = wrapper.cfbundle; includeInIndex = 0; path = WLDemoTestTests.xctest; sourceTree = BUILT_PRODUCTS_DIR; };
		81DB81FF205E8EB400C9E677 /* WLDemoTestTests.m */ = {isa = PBXFileReference; lastKnownFileType = sourcecode.c.objc; path = WLDemoTestTests.m; sourceTree = "<group>"; };
		81DB8201205E8EB400C9E677 /* Info.plist */ = {isa = PBXFileReference; lastKnownFileType = text.plist.xml; path = Info.plist; sourceTree = "<group>"; };
		81DB8206205E8EB400C9E677 /* WLDemoTestUITests.xctest */ = {isa = PBXFileReference; explicitFileType = wrapper.cfbundle; includeInIndex = 0; path = WLDemoTestUITests.xctest; sourceTree = BUILT_PRODUCTS_DIR; };
		81DB820A205E8EB400C9E677 /* WLDemoTestUITests.m */ = {isa = PBXFileReference; lastKnownFileType = sourcecode.c.objc; path = WLDemoTestUITests.m; sourceTree = "<group>"; };
		81DB820C205E8EB400C9E677 /* Info.plist */ = {isa = PBXFileReference; lastKnownFileType = text.plist.xml; path = Info.plist; sourceTree = "<group>"; };
		820DA19F5A1B9BD66D530929 /* Pods-WLDemoTest.release.xcconfig */ = {isa = PBXFileReference; includeInIndex = 1; lastKnownFileType = text.xcconfig; name = "Pods-WLDemoTest.release.xcconfig"; path = "Pods/Target Support Files/Pods-WLDemoTest/Pods-WLDemoTest.release.xcconfig"; sourceTree = "<group>"; };
		90CE5954D6E5214FCC375D19 /* Pods-WLDemoTest.debug.xcconfig */ = {isa = PBXFileReference; includeInIndex = 1; lastKnownFileType = text.xcconfig; name = "Pods-WLDemoTest.debug.xcconfig"; path = "Pods/Target Support Files/Pods-WLDemoTest/Pods-WLDemoTest.debug.xcconfig"; sourceTree = "<group>"; };
		A78EB5156F3CF0A822DBCE83 /* libPods-WLDemoTest.a */ = {isa = PBXFileReference; explicitFileType = archive.ar; includeInIndex = 0; path = "libPods-WLDemoTest.a"; sourceTree = BUILT_PRODUCTS_DIR; };
/* End PBXFileReference section */

/* Begin PBXFrameworksBuildPhase section */
		81DB81DD205E8EB300C9E677 /* Frameworks */ = {
			isa = PBXFrameworksBuildPhase;
			buildActionMask = 2147483647;
			files = (
				040775B1C8B5222ED6DA0236 /* libPods-WLDemoTest.a in Frameworks */,
			);
			runOnlyForDeploymentPostprocessing = 0;
		};
		81DB81F8205E8EB400C9E677 /* Frameworks */ = {
			isa = PBXFrameworksBuildPhase;
			buildActionMask = 2147483647;
			files = (
			);
			runOnlyForDeploymentPostprocessing = 0;
		};
		81DB8203205E8EB400C9E677 /* Frameworks */ = {
			isa = PBXFrameworksBuildPhase;
			buildActionMask = 2147483647;
			files = (
			);
			runOnlyForDeploymentPostprocessing = 0;
		};
/* End PBXFrameworksBuildPhase section */

/* Begin PBXGroup section */
		81BE0560205E920E00DD7BFD /* PublicVC */ = {
			isa = PBXGroup;
			children = (
				81BE0562205E920E00DD7BFD /* CustomTabbar.h */,
				81BE0565205E920E00DD7BFD /* CustomTabbar.m */,
				81BE0563205E920E00DD7BFD /* WLPublicVC.h */,
				81BE0564205E920E00DD7BFD /* WLPublicVC.m */,
				81BE0566205E920E00DD7BFD /* CustomNavCtrl.h */,
				81BE0561205E920E00DD7BFD /* CustomNavCtrl.m */,
			);
			path = PublicVC;
			sourceTree = "<group>";
		};
		81BE05E0205E929500DD7BFD /* Home */ = {
			isa = PBXGroup;
			children = (
				81BE05E7205E929500DD7BFD /* HomeViewController.h */,
				81BE05E1205E929500DD7BFD /* HomeViewController.m */,
				81BE05E6205E929500DD7BFD /* HomeViewController.xib */,
				81BE05E2205E929500DD7BFD /* second */,
				81BE0603205E934F00DD7BFD /* Third */,
			);
			path = Home;
			sourceTree = "<group>";
		};
		81BE05E2205E929500DD7BFD /* second */ = {
			isa = PBXGroup;
			children = (
				81BE05E3205E929500DD7BFD /* SecondVC.h */,
				81BE05E4205E929500DD7BFD /* SecondVC.m */,
				81BE05E5205E929500DD7BFD /* SecondVC.xib */,
				81BE070F205EA96B00DD7BFD /* SecondeCell.h */,
				81BE0710205EA96B00DD7BFD /* SecondeCell.m */,
				81BE0711205EA96B00DD7BFD /* SecondeCell.xib */,
			);
			path = second;
			sourceTree = "<group>";
		};
		81BE05EC205E92EB00DD7BFD /* LoginPage */ = {
			isa = PBXGroup;
			children = (
				81BE0607205E952900DD7BFD /* User.h */,
				81BE0608205E952D00DD7BFD /* User.m */,
				81BE05EE205E92EB00DD7BFD /* LoginVC.h */,
				81BE05ED205E92EB00DD7BFD /* LoginVC.m */,
				81BE05EF205E92EB00DD7BFD /* LoginVC.xib */,
			);
			path = LoginPage;
			sourceTree = "<group>";
		};
		81BE05F2205E92F100DD7BFD /* Person */ = {
			isa = PBXGroup;
			children = (
				81BE05F7205E92F100DD7BFD /* PersonVC.h */,
				81BE05F4205E92F100DD7BFD /* PersonVC.m */,
				81BE05F6205E92F100DD7BFD /* PersonVC.xib */,
				81BE05F5205E92F100DD7BFD /* SafeManageVC.h */,
				81BE05F3205E92F100DD7BFD /* SafeManageVC.m */,
				81BE05F8205E92F100DD7BFD /* SafeManageVC.xib */,
			);
			path = Person;
			sourceTree = "<group>";
		};
		81BE05FD205E92F600DD7BFD /* Message */ = {
			isa = PBXGroup;
			children = (
				81BE05FE205E92F600DD7BFD /* MessageVC.h */,
				81BE05FF205E92F600DD7BFD /* MessageVC.xib */,
				81BE0600205E92F600DD7BFD /* MessageVC.m */,
			);
			path = Message;
			sourceTree = "<group>";
		};
		81BE0603205E934F00DD7BFD /* Third */ = {
			isa = PBXGroup;
			children = (
				81BE0604205E937700DD7BFD /* ThirdVC.h */,
				81BE0605205E937700DD7BFD /* ThirdVC.m */,
			);
			path = Third;
			sourceTree = "<group>";
		};
		81BE060B205E9C2300DD7BFD /* WLModel */ = {
			isa = PBXGroup;
			children = (
				81BE06BD205E9EFF00DD7BFD /* Engine */,
				81BE0660205E9E2200DD7BFD /* ThirdSdk */,
				81BE060C205E9C5200DD7BFD /* Custom */,
			);
			path = WLModel;
			sourceTree = "<group>";
		};
		81BE060C205E9C5200DD7BFD /* Custom */ = {
			isa = PBXGroup;
			children = (
				81BE060E205E9C6500DD7BFD /* CustomMethod.h */,
				81BE060D205E9C6500DD7BFD /* CustomMethod.m */,
			);
			path = Custom;
			sourceTree = "<group>";
		};
		81BE0660205E9E2200DD7BFD /* ThirdSdk */ = {
			isa = PBXGroup;
			children = (
				81BE06EB205EA2B300DD7BFD /* Masonry */,
				81BE0692205E9EE100DD7BFD /* MBProgressHUD */,
				81BE0662205E9E2200DD7BFD /* Configs.h */,
				81BE0683205E9E2200DD7BFD /* Configs.m */,
			);
			path = ThirdSdk;
			sourceTree = "<group>";
		};
		81BE0692205E9EE100DD7BFD /* MBProgressHUD */ = {
			isa = PBXGroup;
			children = (
				81BE0693205E9EE100DD7BFD /* MBProgressHUD.m */,
				81BE0694205E9EE100DD7BFD /* UIViewController+MBProgressHUD.h */,
				81BE0695205E9EE100DD7BFD /* MBProgressHUD.h */,
				81BE0696205E9EE100DD7BFD /* UIViewController+MBProgressHUD.m */,
			);
			path = MBProgressHUD;
			sourceTree = "<group>";
		};
		81BE06BD205E9EFF00DD7BFD /* Engine */ = {
			isa = PBXGroup;
			children = (
				81BE06C0205E9EFF00DD7BFD /* WLEngine.h */,
				81BE06C1205E9EFF00DD7BFD /* WLEngine.m */,
				81BE06C2205E9EFF00DD7BFD /* NetworkRequest.h */,
				81BE06BE205E9EFF00DD7BFD /* NetworkRequest.m */,
			);
			path = Engine;
			sourceTree = "<group>";
		};
		81BE06EB205EA2B300DD7BFD /* Masonry */ = {
			isa = PBXGroup;
			children = (
				81BE06EC205EA2B300DD7BFD /* MASCompositeConstraint.h */,
				81BE06ED205EA2B300DD7BFD /* NSLayoutConstraint+MASDebugAdditions.m */,
				81BE06EE205EA2B300DD7BFD /* MASConstraint+Private.h */,
				81BE06EF205EA2B300DD7BFD /* MASLayoutConstraint.h */,
				81BE06F0205EA2B300DD7BFD /* NSArray+MASShorthandAdditions.h */,
				81BE06F1205EA2B300DD7BFD /* MASConstraintMaker.h */,
				81BE06F2205EA2B300DD7BFD /* View+MASAdditions.h */,
				81BE06F3205EA2B300DD7BFD /* NSArray+MASAdditions.h */,
				81BE06F4205EA2B300DD7BFD /* MASUtilities.h */,
				81BE06F5205EA2B300DD7BFD /* MASViewAttribute.h */,
				81BE06F6205EA2B300DD7BFD /* ViewController+MASAdditions.m */,
				81BE06F7205EA2B300DD7BFD /* MASViewConstraint.h */,
				81BE06F8205EA2B300DD7BFD /* MASConstraint.h */,
				81BE06F9205EA2B300DD7BFD /* NSLayoutConstraint+MASDebugAdditions.h */,
				81BE06FA205EA2B300DD7BFD /* MASCompositeConstraint.m */,
				81BE06FB205EA2B300DD7BFD /* MASConstraintMaker.m */,
				81BE06FC205EA2B300DD7BFD /* MASLayoutConstraint.m */,
				81BE06FD205EA2B300DD7BFD /* NSArray+MASAdditions.m */,
				81BE06FE205EA2B300DD7BFD /* View+MASAdditions.m */,
				81BE06FF205EA2B300DD7BFD /* View+MASShorthandAdditions.h */,
				81BE0700205EA2B300DD7BFD /* Masonry.h */,
				81BE0701205EA2B300DD7BFD /* MASConstraint.m */,
				81BE0702205EA2B300DD7BFD /* ViewController+MASAdditions.h */,
				81BE0703205EA2B300DD7BFD /* MASViewConstraint.m */,
				81BE0704205EA2B300DD7BFD /* MASViewAttribute.m */,
			);
			name = Masonry;
			path = ../Engine/Masonry;
			sourceTree = "<group>";
		};
		81DB81D7205E8EB300C9E677 = {
			isa = PBXGroup;
			children = (
				81DB81E2205E8EB300C9E677 /* WLDemoTest */,
				81DB81FE205E8EB400C9E677 /* WLDemoTestTests */,
				81DB8209205E8EB400C9E677 /* WLDemoTestUITests */,
				81DB81E1205E8EB300C9E677 /* Products */,
				9B8DA5DDEEDB9DC462C47090 /* Pods */,
				82064243E42B1EEC03C16472 /* Frameworks */,
			);
			sourceTree = "<group>";
		};
		81DB81E1205E8EB300C9E677 /* Products */ = {
			isa = PBXGroup;
			children = (
				81DB81E0205E8EB300C9E677 /* WLDemoTest.app */,
				81DB81FB205E8EB400C9E677 /* WLDemoTestTests.xctest */,
				81DB8206205E8EB400C9E677 /* WLDemoTestUITests.xctest */,
			);
			name = Products;
			sourceTree = "<group>";
		};
		81DB81E2205E8EB300C9E677 /* WLDemoTest */ = {
			isa = PBXGroup;
			children = (
				81BE05FD205E92F600DD7BFD /* Message */,
				81BE05F2205E92F100DD7BFD /* Person */,
				81BE05EC205E92EB00DD7BFD /* LoginPage */,
				81BE05E0205E929500DD7BFD /* Home */,
				81BE0560205E920E00DD7BFD /* PublicVC */,
				81BE060B205E9C2300DD7BFD /* WLModel */,
				81DB81E3205E8EB300C9E677 /* AppDelegate.h */,
				81DB81E4205E8EB300C9E677 /* AppDelegate.m */,
				81DB81E6205E8EB300C9E677 /* ViewController.h */,
				81DB81E7205E8EB300C9E677 /* ViewController.m */,
				81DB81EF205E8EB300C9E677 /* Assets.xcassets */,
				81DB81F1205E8EB300C9E677 /* LaunchScreen.storyboard */,
				81BE055F205E906900DD7BFD /* WLDemo.pch */,
				81DB81F4205E8EB300C9E677 /* Info.plist */,
				81DB81F5205E8EB300C9E677 /* main.m */,
				81DB81EC205E8EB300C9E677 /* WLDemoTest.xcdatamodeld */,
			);
			path = WLDemoTest;
			sourceTree = "<group>";
		};
		81DB81FE205E8EB400C9E677 /* WLDemoTestTests */ = {
			isa = PBXGroup;
			children = (
				81DB81FF205E8EB400C9E677 /* WLDemoTestTests.m */,
				81DB8201205E8EB400C9E677 /* Info.plist */,
			);
			path = WLDemoTestTests;
			sourceTree = "<group>";
		};
		81DB8209205E8EB400C9E677 /* WLDemoTestUITests */ = {
			isa = PBXGroup;
			children = (
				81DB820A205E8EB400C9E677 /* WLDemoTestUITests.m */,
				81DB820C205E8EB400C9E677 /* Info.plist */,
			);
			path = WLDemoTestUITests;
			sourceTree = "<group>";
		};
		82064243E42B1EEC03C16472 /* Frameworks */ = {
			isa = PBXGroup;
			children = (
				A78EB5156F3CF0A822DBCE83 /* libPods-WLDemoTest.a */,
			);
			name = Frameworks;
			sourceTree = "<group>";
		};
		9B8DA5DDEEDB9DC462C47090 /* Pods */ = {
			isa = PBXGroup;
			children = (
				90CE5954D6E5214FCC375D19 /* Pods-WLDemoTest.debug.xcconfig */,
				820DA19F5A1B9BD66D530929 /* Pods-WLDemoTest.release.xcconfig */,
			);
			name = Pods;
			sourceTree = "<group>";
		};
/* End PBXGroup section */

/* Begin PBXNativeTarget section */
		81DB81DF205E8EB300C9E677 /* WLDemoTest */ = {
			isa = PBXNativeTarget;
			buildConfigurationList = 81DB820F205E8EB400C9E677 /* Build configuration list for PBXNativeTarget "WLDemoTest" */;
			buildPhases = (
				43661E6A6F3531FB4052E36C /* [CP] Check Pods Manifest.lock */,
				81DB81DC205E8EB300C9E677 /* Sources */,
				81DB81DD205E8EB300C9E677 /* Frameworks */,
				81DB81DE205E8EB300C9E677 /* Resources */,
				86BB285BBE82D025C1210857 /* [CP] Embed Pods Frameworks */,
				07ACDCF15F097844A0703A09 /* [CP] Copy Pods Resources */,
			);
			buildRules = (
			);
			dependencies = (
			);
			name = WLDemoTest;
			productName = WLDemoTest;
			productReference = 81DB81E0205E8EB300C9E677 /* WLDemoTest.app */;
			productType = "com.apple.product-type.application";
		};
		81DB81FA205E8EB400C9E677 /* WLDemoTestTests */ = {
			isa = PBXNativeTarget;
			buildConfigurationList = 81DB8212205E8EB400C9E677 /* Build configuration list for PBXNativeTarget "WLDemoTestTests" */;
			buildPhases = (
				81DB81F7205E8EB400C9E677 /* Sources */,
				81DB81F8205E8EB400C9E677 /* Frameworks */,
				81DB81F9205E8EB400C9E677 /* Resources */,
			);
			buildRules = (
			);
			dependencies = (
				81DB81FD205E8EB400C9E677 /* PBXTargetDependency */,
			);
			name = WLDemoTestTests;
			productName = WLDemoTestTests;
			productReference = 81DB81FB205E8EB400C9E677 /* WLDemoTestTests.xctest */;
			productType = "com.apple.product-type.bundle.unit-test";
		};
		81DB8205205E8EB400C9E677 /* WLDemoTestUITests */ = {
			isa = PBXNativeTarget;
			buildConfigurationList = 81DB8215205E8EB400C9E677 /* Build configuration list for PBXNativeTarget "WLDemoTestUITests" */;
			buildPhases = (
				81DB8202205E8EB400C9E677 /* Sources */,
				81DB8203205E8EB400C9E677 /* Frameworks */,
				81DB8204205E8EB400C9E677 /* Resources */,
			);
			buildRules = (
			);
			dependencies = (
				81DB8208205E8EB400C9E677 /* PBXTargetDependency */,
			);
			name = WLDemoTestUITests;
			productName = WLDemoTestUITests;
			productReference = 81DB8206205E8EB400C9E677 /* WLDemoTestUITests.xctest */;
			productType = "com.apple.product-type.bundle.ui-testing";
		};
/* End PBXNativeTarget section */

/* Begin PBXProject section */
		81DB81D8205E8EB300C9E677 /* Project object */ = {
			isa = PBXProject;
			attributes = {
				LastUpgradeCheck = 0910;
				ORGANIZATIONNAME = wangli;
				TargetAttributes = {
					81DB81DF205E8EB300C9E677 = {
						CreatedOnToolsVersion = 9.1;
						ProvisioningStyle = Automatic;
					};
					81DB81FA205E8EB400C9E677 = {
						CreatedOnToolsVersion = 9.1;
						ProvisioningStyle = Automatic;
						TestTargetID = 81DB81DF205E8EB300C9E677;
					};
					81DB8205205E8EB400C9E677 = {
						CreatedOnToolsVersion = 9.1;
						ProvisioningStyle = Automatic;
						TestTargetID = 81DB81DF205E8EB300C9E677;
					};
				};
			};
			buildConfigurationList = 81DB81DB205E8EB300C9E677 /* Build configuration list for PBXProject "WLDemoTest" */;
			compatibilityVersion = "Xcode 8.0";
			developmentRegion = en;
			hasScannedForEncodings = 0;
			knownRegions = (
				en,
				Base,
			);
			mainGroup = 81DB81D7205E8EB300C9E677;
			productRefGroup = 81DB81E1205E8EB300C9E677 /* Products */;
			projectDirPath = "";
			projectRoot = "";
			targets = (
				81DB81DF205E8EB300C9E677 /* WLDemoTest */,
				81DB81FA205E8EB400C9E677 /* WLDemoTestTests */,
				81DB8205205E8EB400C9E677 /* WLDemoTestUITests */,
			);
		};
/* End PBXProject section */

/* Begin PBXResourcesBuildPhase section */
		81DB81DE205E8EB300C9E677 /* Resources */ = {
			isa = PBXResourcesBuildPhase;
			buildActionMask = 2147483647;
			files = (
				81BE05F1205E92EB00DD7BFD /* LoginVC.xib in Resources */,
				81DB81F3205E8EB300C9E677 /* LaunchScreen.storyboard in Resources */,
				81BE05FC205E92F100DD7BFD /* SafeManageVC.xib in Resources */,
				81DB81F0205E8EB300C9E677 /* Assets.xcassets in Resources */,
				81BE0713205EA96B00DD7BFD /* SecondeCell.xib in Resources */,
				81BE05EB205E929500DD7BFD /* HomeViewController.xib in Resources */,
				81BE05EA205E929500DD7BFD /* SecondVC.xib in Resources */,
				81BE0601205E92F600DD7BFD /* MessageVC.xib in Resources */,
				81BE05FB205E92F100DD7BFD /* PersonVC.xib in Resources */,
			);
			runOnlyForDeploymentPostprocessing = 0;
		};
		81DB81F9205E8EB400C9E677 /* Resources */ = {
			isa = PBXResourcesBuildPhase;
			buildActionMask = 2147483647;
			files = (
			);
			runOnlyForDeploymentPostprocessing = 0;
		};
		81DB8204205E8EB400C9E677 /* Resources */ = {
			isa = PBXResourcesBuildPhase;
			buildActionMask = 2147483647;
			files = (
			);
			runOnlyForDeploymentPostprocessing = 0;
		};
/* End PBXResourcesBuildPhase section */

/* Begin PBXShellScriptBuildPhase section */
		07ACDCF15F097844A0703A09 /* [CP] Copy Pods Resources */ = {
			isa = PBXShellScriptBuildPhase;
			buildActionMask = 2147483647;
			files = (
			);
			inputPaths = (
			);
			name = "[CP] Copy Pods Resources";
			outputPaths = (
			);
			runOnlyForDeploymentPostprocessing = 0;
			shellPath = /bin/sh;
			shellScript = "\"${SRCROOT}/Pods/Target Support Files/Pods-WLDemoTest/Pods-WLDemoTest-resources.sh\"\n";
			showEnvVarsInLog = 0;
		};
		43661E6A6F3531FB4052E36C /* [CP] Check Pods Manifest.lock */ = {
			isa = PBXShellScriptBuildPhase;
			buildActionMask = 2147483647;
			files = (
			);
			inputPaths = (
				"${PODS_PODFILE_DIR_PATH}/Podfile.lock",
				"${PODS_ROOT}/Manifest.lock",
			);
			name = "[CP] Check Pods Manifest.lock";
			outputPaths = (
				"$(DERIVED_FILE_DIR)/Pods-WLDemoTest-checkManifestLockResult.txt",
			);
			runOnlyForDeploymentPostprocessing = 0;
			shellPath = /bin/sh;
			shellScript = "diff \"${PODS_PODFILE_DIR_PATH}/Podfile.lock\" \"${PODS_ROOT}/Manifest.lock\" > /dev/null\nif [ $? != 0 ] ; then\n    # print error to STDERR\n    echo \"error: The sandbox is not in sync with the Podfile.lock. Run 'pod install' or update your CocoaPods installation.\" >&2\n    exit 1\nfi\n# This output is used by Xcode 'outputs' to avoid re-running this script phase.\necho \"SUCCESS\" > \"${SCRIPT_OUTPUT_FILE_0}\"\n";
			showEnvVarsInLog = 0;
		};
		86BB285BBE82D025C1210857 /* [CP] Embed Pods Frameworks */ = {
			isa = PBXShellScriptBuildPhase;
			buildActionMask = 2147483647;
			files = (
			);
			inputPaths = (
			);
			name = "[CP] Embed Pods Frameworks";
			outputPaths = (
			);
			runOnlyForDeploymentPostprocessing = 0;
			shellPath = /bin/sh;
			shellScript = "\"${SRCROOT}/Pods/Target Support Files/Pods-WLDemoTest/Pods-WLDemoTest-frameworks.sh\"\n";
			showEnvVarsInLog = 0;
		};
/* End PBXShellScriptBuildPhase section */

/* Begin PBXSourcesBuildPhase section */
		81DB81DC205E8EB300C9E677 /* Sources */ = {
			isa = PBXSourcesBuildPhase;
			buildActionMask = 2147483647;
			files = (
				81BE0609205E952D00DD7BFD /* User.m in Sources */,
				81BE05F0205E92EB00DD7BFD /* LoginVC.m in Sources */,
				81BE0602205E92F600DD7BFD /* MessageVC.m in Sources */,
				81BE06C4205E9EFF00DD7BFD /* NetworkRequest.m in Sources */,
				81BE0707205EA2B300DD7BFD /* MASCompositeConstraint.m in Sources */,
				81DB81E8205E8EB300C9E677 /* ViewController.m in Sources */,
				81BE0709205EA2B300DD7BFD /* MASLayoutConstraint.m in Sources */,
				81DB81EE205E8EB300C9E677 /* WLDemoTest.xcdatamodeld in Sources */,
				81BE060F205E9C6500DD7BFD /* CustomMethod.m in Sources */,
				81BE0712205EA96B00DD7BFD /* SecondeCell.m in Sources */,
				81DB81F6205E8EB300C9E677 /* main.m in Sources */,
				81BE0698205E9EE100DD7BFD /* UIViewController+MBProgressHUD.m in Sources */,
				81BE05F9205E92F100DD7BFD /* SafeManageVC.m in Sources */,
				81BE05FA205E92F100DD7BFD /* PersonVC.m in Sources */,
				81BE0705205EA2B300DD7BFD /* NSLayoutConstraint+MASDebugAdditions.m in Sources */,
				81BE05E9205E929500DD7BFD /* SecondVC.m in Sources */,
				81BE070D205EA2B300DD7BFD /* MASViewConstraint.m in Sources */,
				81BE0706205EA2B300DD7BFD /* ViewController+MASAdditions.m in Sources */,
				81BE0569205E920E00DD7BFD /* CustomTabbar.m in Sources */,
				81BE0606205E937700DD7BFD /* ThirdVC.m in Sources */,
				81DB81E5205E8EB300C9E677 /* AppDelegate.m in Sources */,
				81BE0697205E9EE100DD7BFD /* MBProgressHUD.m in Sources */,
				81BE070B205EA2B300DD7BFD /* View+MASAdditions.m in Sources */,
				81BE070E205EA2B300DD7BFD /* MASViewAttribute.m in Sources */,
				81BE05E8205E929500DD7BFD /* HomeViewController.m in Sources */,
				81BE070C205EA2B300DD7BFD /* MASConstraint.m in Sources */,
				81BE0691205E9E2200DD7BFD /* Configs.m in Sources */,
				81BE0708205EA2B300DD7BFD /* MASConstraintMaker.m in Sources */,
				81BE070A205EA2B300DD7BFD /* NSArray+MASAdditions.m in Sources */,
				81BE0568205E920E00DD7BFD /* WLPublicVC.m in Sources */,
				81BE0567205E920E00DD7BFD /* CustomNavCtrl.m in Sources */,
				81BE06C6205E9EFF00DD7BFD /* WLEngine.m in Sources */,
			);
			runOnlyForDeploymentPostprocessing = 0;
		};
		81DB81F7205E8EB400C9E677 /* Sources */ = {
			isa = PBXSourcesBuildPhase;
			buildActionMask = 2147483647;
			files = (
				81DB8200205E8EB400C9E677 /* WLDemoTestTests.m in Sources */,
			);
			runOnlyForDeploymentPostprocessing = 0;
		};
		81DB8202205E8EB400C9E677 /* Sources */ = {
			isa = PBXSourcesBuildPhase;
			buildActionMask = 2147483647;
			files = (
				81DB820B205E8EB400C9E677 /* WLDemoTestUITests.m in Sources */,
			);
			runOnlyForDeploymentPostprocessing = 0;
		};
/* End PBXSourcesBuildPhase section */

/* Begin PBXTargetDependency section */
		81DB81FD205E8EB400C9E677 /* PBXTargetDependency */ = {
			isa = PBXTargetDependency;
			target = 81DB81DF205E8EB300C9E677 /* WLDemoTest */;
			targetProxy = 81DB81FC205E8EB400C9E677 /* PBXContainerItemProxy */;
		};
		81DB8208205E8EB400C9E677 /* PBXTargetDependency */ = {
			isa = PBXTargetDependency;
			target = 81DB81DF205E8EB300C9E677 /* WLDemoTest */;
			targetProxy = 81DB8207205E8EB400C9E677 /* PBXContainerItemProxy */;
		};
/* End PBXTargetDependency section */

/* Begin PBXVariantGroup section */
		81DB81F1205E8EB300C9E677 /* LaunchScreen.storyboard */ = {
			isa = PBXVariantGroup;
			children = (
				81DB81F2205E8EB300C9E677 /* Base */,
			);
			name = LaunchScreen.storyboard;
			sourceTree = "<group>";
		};
/* End PBXVariantGroup section */

/* Begin XCBuildConfiguration section */
		81DB820D205E8EB400C9E677 /* Debug */ = {
			isa = XCBuildConfiguration;
			buildSettings = {
				ALWAYS_SEARCH_USER_PATHS = NO;
				CLANG_ANALYZER_NONNULL = YES;
				CLANG_ANALYZER_NUMBER_OBJECT_CONVERSION = YES_AGGRESSIVE;
				CLANG_CXX_LANGUAGE_STANDARD = "gnu++14";
				CLANG_CXX_LIBRARY = "libc++";
				CLANG_ENABLE_MODULES = YES;
				CLANG_ENABLE_OBJC_ARC = YES;
				CLANG_WARN_BLOCK_CAPTURE_AUTORELEASING = YES;
				CLANG_WARN_BOOL_CONVERSION = YES;
				CLANG_WARN_COMMA = YES;
				CLANG_WARN_CONSTANT_CONVERSION = YES;
				CLANG_WARN_DIRECT_OBJC_ISA_USAGE = YES_ERROR;
				CLANG_WARN_DOCUMENTATION_COMMENTS = YES;
				CLANG_WARN_EMPTY_BODY = YES;
				CLANG_WARN_ENUM_CONVERSION = YES;
				CLANG_WARN_INFINITE_RECURSION = YES;
				CLANG_WARN_INT_CONVERSION = YES;
				CLANG_WARN_NON_LITERAL_NULL_CONVERSION = YES;
				CLANG_WARN_OBJC_LITERAL_CONVERSION = YES;
				CLANG_WARN_OBJC_ROOT_CLASS = YES_ERROR;
				CLANG_WARN_RANGE_LOOP_ANALYSIS = YES;
				CLANG_WARN_STRICT_PROTOTYPES = YES;
				CLANG_WARN_SUSPICIOUS_MOVE = YES;
				CLANG_WARN_UNGUARDED_AVAILABILITY = YES_AGGRESSIVE;
				CLANG_WARN_UNREACHABLE_CODE = YES;
				CLANG_WARN__DUPLICATE_METHOD_MATCH = YES;
				CODE_SIGN_IDENTITY = "iPhone Developer";
				COPY_PHASE_STRIP = NO;
				DEBUG_INFORMATION_FORMAT = dwarf;
				ENABLE_STRICT_OBJC_MSGSEND = YES;
				ENABLE_TESTABILITY = YES;
				GCC_C_LANGUAGE_STANDARD = gnu11;
				GCC_DYNAMIC_NO_PIC = NO;
				GCC_NO_COMMON_BLOCKS = YES;
				GCC_OPTIMIZATION_LEVEL = 0;
				GCC_PREPROCESSOR_DEFINITIONS = (
					"DEBUG=1",
					"$(inherited)",
				);
				GCC_WARN_64_TO_32_BIT_CONVERSION = YES;
				GCC_WARN_ABOUT_RETURN_TYPE = YES_ERROR;
				GCC_WARN_UNDECLARED_SELECTOR = YES;
				GCC_WARN_UNINITIALIZED_AUTOS = YES_AGGRESSIVE;
				GCC_WARN_UNUSED_FUNCTION = YES;
				GCC_WARN_UNUSED_VARIABLE = YES;
				IPHONEOS_DEPLOYMENT_TARGET = 11.1;
				MTL_ENABLE_DEBUG_INFO = YES;
				ONLY_ACTIVE_ARCH = YES;
				SDKROOT = iphoneos;
			};
			name = Debug;
		};
		81DB820E205E8EB400C9E677 /* Release */ = {
			isa = XCBuildConfiguration;
			buildSettings = {
				ALWAYS_SEARCH_USER_PATHS = NO;
				CLANG_ANALYZER_NONNULL = YES;
				CLANG_ANALYZER_NUMBER_OBJECT_CONVERSION = YES_AGGRESSIVE;
				CLANG_CXX_LANGUAGE_STANDARD = "gnu++14";
				CLANG_CXX_LIBRARY = "libc++";
				CLANG_ENABLE_MODULES = YES;
				CLANG_ENABLE_OBJC_ARC = YES;
				CLANG_WARN_BLOCK_CAPTURE_AUTORELEASING = YES;
				CLANG_WARN_BOOL_CONVERSION = YES;
				CLANG_WARN_COMMA = YES;
				CLANG_WARN_CONSTANT_CONVERSION = YES;
				CLANG_WARN_DIRECT_OBJC_ISA_USAGE = YES_ERROR;
				CLANG_WARN_DOCUMENTATION_COMMENTS = YES;
				CLANG_WARN_EMPTY_BODY = YES;
				CLANG_WARN_ENUM_CONVERSION = YES;
				CLANG_WARN_INFINITE_RECURSION = YES;
				CLANG_WARN_INT_CONVERSION = YES;
				CLANG_WARN_NON_LITERAL_NULL_CONVERSION = YES;
				CLANG_WARN_OBJC_LITERAL_CONVERSION = YES;
				CLANG_WARN_OBJC_ROOT_CLASS = YES_ERROR;
				CLANG_WARN_RANGE_LOOP_ANALYSIS = YES;
				CLANG_WARN_STRICT_PROTOTYPES = YES;
				CLANG_WARN_SUSPICIOUS_MOVE = YES;
				CLANG_WARN_UNGUARDED_AVAILABILITY = YES_AGGRESSIVE;
				CLANG_WARN_UNREACHABLE_CODE = YES;
				CLANG_WARN__DUPLICATE_METHOD_MATCH = YES;
				CODE_SIGN_IDENTITY = "iPhone Developer";
				COPY_PHASE_STRIP = NO;
				DEBUG_INFORMATION_FORMAT = "dwarf-with-dsym";
				ENABLE_NS_ASSERTIONS = NO;
				ENABLE_STRICT_OBJC_MSGSEND = YES;
				GCC_C_LANGUAGE_STANDARD = gnu11;
				GCC_NO_COMMON_BLOCKS = YES;
				GCC_WARN_64_TO_32_BIT_CONVERSION = YES;
				GCC_WARN_ABOUT_RETURN_TYPE = YES_ERROR;
				GCC_WARN_UNDECLARED_SELECTOR = YES;
				GCC_WARN_UNINITIALIZED_AUTOS = YES_AGGRESSIVE;
				GCC_WARN_UNUSED_FUNCTION = YES;
				GCC_WARN_UNUSED_VARIABLE = YES;
				IPHONEOS_DEPLOYMENT_TARGET = 11.1;
				MTL_ENABLE_DEBUG_INFO = NO;
				SDKROOT = iphoneos;
				VALIDATE_PRODUCT = YES;
			};
			name = Release;
		};
		81DB8210205E8EB400C9E677 /* Debug */ = {
			isa = XCBuildConfiguration;
			baseConfigurationReference = 90CE5954D6E5214FCC375D19 /* Pods-WLDemoTest.debug.xcconfig */;
			buildSettings = {
				ASSETCATALOG_COMPILER_APPICON_NAME = AppIcon;
				CODE_SIGN_STYLE = Automatic;
				DEVELOPMENT_TEAM = 2V89S6S832;
				GCC_PRECOMPILE_PREFIX_HEADER = YES;
				GCC_PREFIX_HEADER = "$(SRCROOT)/WLDemoTest/WLDemo.pch";
				INFOPLIST_FILE = WLDemoTest/Info.plist;
				LD_RUNPATH_SEARCH_PATHS = "$(inherited) @executable_path/Frameworks";
				PRODUCT_BUNDLE_IDENTIFIER = com.feijia.WLTest.WLDemoTest;
				PRODUCT_NAME = "$(TARGET_NAME)";
				TARGETED_DEVICE_FAMILY = 1;
				USER_HEADER_SEARCH_PATHS = "$(PODS_ROOT)/**";
			};
			name = Debug;
		};
		81DB8211205E8EB400C9E677 /* Release */ = {
			isa = XCBuildConfiguration;
			baseConfigurationReference = 820DA19F5A1B9BD66D530929 /* Pods-WLDemoTest.release.xcconfig */;
			buildSettings = {
				ASSETCATALOG_COMPILER_APPICON_NAME = AppIcon;
				CODE_SIGN_STYLE = Automatic;
				DEVELOPMENT_TEAM = 2V89S6S832;
				GCC_PRECOMPILE_PREFIX_HEADER = YES;
				GCC_PREFIX_HEADER = "$(SRCROOT)/WLDemoTest/WLDemo.pch";
				INFOPLIST_FILE = WLDemoTest/Info.plist;
				LD_RUNPATH_SEARCH_PATHS = "$(inherited) @executable_path/Frameworks";
				PRODUCT_BUNDLE_IDENTIFIER = com.feijia.WLTest.WLDemoTest;
				PRODUCT_NAME = "$(TARGET_NAME)";
				TARGETED_DEVICE_FAMILY = 1;
				USER_HEADER_SEARCH_PATHS = "$(PODS_ROOT)/**";
			};
			name = Release;
		};
		81DB8213205E8EB400C9E677 /* Debug */ = {
			isa = XCBuildConfiguration;
			buildSettings = {
				BUNDLE_LOADER = "$(TEST_HOST)";
				CODE_SIGN_STYLE = Automatic;
				DEVELOPMENT_TEAM = 2V89S6S832;
				INFOPLIST_FILE = WLDemoTestTests/Info.plist;
				LD_RUNPATH_SEARCH_PATHS = "$(inherited) @executable_path/Frameworks @loader_path/Frameworks";
				PRODUCT_BUNDLE_IDENTIFIER = com.feijia.WLTest.WLDemoTestTests;
				PRODUCT_NAME = "$(TARGET_NAME)";
				TARGETED_DEVICE_FAMILY = "1,2";
				TEST_HOST = "$(BUILT_PRODUCTS_DIR)/WLDemoTest.app/WLDemoTest";
			};
			name = Debug;
		};
		81DB8214205E8EB400C9E677 /* Release */ = {
			isa = XCBuildConfiguration;
			buildSettings = {
				BUNDLE_LOADER = "$(TEST_HOST)";
				CODE_SIGN_STYLE = Automatic;
				DEVELOPMENT_TEAM = 2V89S6S832;
				INFOPLIST_FILE = WLDemoTestTests/Info.plist;
				LD_RUNPATH_SEARCH_PATHS = "$(inherited) @executable_path/Frameworks @loader_path/Frameworks";
				PRODUCT_BUNDLE_IDENTIFIER = com.feijia.WLTest.WLDemoTestTests;
				PRODUCT_NAME = "$(TARGET_NAME)";
				TARGETED_DEVICE_FAMILY = "1,2";
				TEST_HOST = "$(BUILT_PRODUCTS_DIR)/WLDemoTest.app/WLDemoTest";
			};
			name = Release;
		};
		81DB8216205E8EB400C9E677 /* Debug */ = {
			isa = XCBuildConfiguration;
			buildSettings = {
				CODE_SIGN_STYLE = Automatic;
				DEVELOPMENT_TEAM = 2V89S6S832;
				INFOPLIST_FILE = WLDemoTestUITests/Info.plist;
				LD_RUNPATH_SEARCH_PATHS = "$(inherited) @executable_path/Frameworks @loader_path/Frameworks";
				PRODUCT_BUNDLE_IDENTIFIER = com.feijia.WLTest.WLDemoTestUITests;
				PRODUCT_NAME = "$(TARGET_NAME)";
				TARGETED_DEVICE_FAMILY = "1,2";
				TEST_TARGET_NAME = WLDemoTest;
			};
			name = Debug;
		};
		81DB8217205E8EB400C9E677 /* Release */ = {
			isa = XCBuildConfiguration;
			buildSettings = {
				CODE_SIGN_STYLE = Automatic;
				DEVELOPMENT_TEAM = 2V89S6S832;
				INFOPLIST_FILE = WLDemoTestUITests/Info.plist;
				LD_RUNPATH_SEARCH_PATHS = "$(inherited) @executable_path/Frameworks @loader_path/Frameworks";
				PRODUCT_BUNDLE_IDENTIFIER = com.feijia.WLTest.WLDemoTestUITests;
				PRODUCT_NAME = "$(TARGET_NAME)";
				TARGETED_DEVICE_FAMILY = "1,2";
				TEST_TARGET_NAME = WLDemoTest;
			};
			name = Release;
		};
/* End XCBuildConfiguration section */

/* Begin XCConfigurationList section */
		81DB81DB205E8EB300C9E677 /* Build configuration list for PBXProject "WLDemoTest" */ = {
			isa = XCConfigurationList;
			buildConfigurations = (
				81DB820D205E8EB400C9E677 /* Debug */,
				81DB820E205E8EB400C9E677 /* Release */,
			);
			defaultConfigurationIsVisible = 0;
			defaultConfigurationName = Release;
		};
		81DB820F205E8EB400C9E677 /* Build configuration list for PBXNativeTarget "WLDemoTest" */ = {
			isa = XCConfigurationList;
			buildConfigurations = (
				81DB8210205E8EB400C9E677 /* Debug */,
				81DB8211205E8EB400C9E677 /* Release */,
			);
			defaultConfigurationIsVisible = 0;
			defaultConfigurationName = Release;
		};
		81DB8212205E8EB400C9E677 /* Build configuration list for PBXNativeTarget "WLDemoTestTests" */ = {
			isa = XCConfigurationList;
			buildConfigurations = (
				81DB8213205E8EB400C9E677 /* Debug */,
				81DB8214205E8EB400C9E677 /* Release */,
			);
			defaultConfigurationIsVisible = 0;
			defaultConfigurationName = Release;
		};
		81DB8215205E8EB400C9E677 /* Build configuration list for PBXNativeTarget "WLDemoTestUITests" */ = {
			isa = XCConfigurationList;
			buildConfigurations = (
				81DB8216205E8EB400C9E677 /* Debug */,
				81DB8217205E8EB400C9E677 /* Release */,
			);
			defaultConfigurationIsVisible = 0;
			defaultConfigurationName = Release;
		};
/* End XCConfigurationList section */

/* Begin XCVersionGroup section */
		81DB81EC205E8EB300C9E677 /* WLDemoTest.xcdatamodeld */ = {
			isa = XCVersionGroup;
			children = (
				81DB81ED205E8EB300C9E677 /* WLDemoTest.xcdatamodel */,
			);
			currentVersion = 81DB81ED205E8EB300C9E677 /* WLDemoTest.xcdatamodel */;
			path = WLDemoTest.xcdatamodeld;
			sourceTree = "<group>";
			versionGroupType = wrapper.xcdatamodel;
		};
/* End XCVersionGroup section */
	};
	rootObject = 81DB81D8205E8EB300C9E677 /* Project object */;
}
